
Microsoft Visual Studio Solution File, Format Version 12.00
# Visual Studio 15
Project("{FAE04EC0-301F-11D3-BF4B-00C04F79EFBC}") = "BoxBattleServer", "BoxBattleServer\BoxBattleServer.csproj", "{C0288C80-6761-49BD-B751-112417BE80BE}"
EndProject
Global
	GlobalSection(SolutionConfigurationPlatforms) = preSolution
		Debug|Any CPU = Debug|Any CPU
		Release|Any CPU = Release|Any CPU
	EndGlobalSection
	GlobalSection(ProjectConfigurationPlatforms) = postSolution
		{C0288C80-6761-49BD-B751-112417BE80BE}.Debug|Any CPU.ActiveCfg = Debug|Any CPU
		{C0288C80-6761-49BD-B751-112417BE80BE}.Debug|Any CPU.Build.0 = Debug|Any CPU
		{C0288C80-6761-49BD-B751-112417BE80BE}.Release|Any CPU.ActiveCfg = Release|Any CPU
		{C0288C80-6761-49BD-B751-112417BE80BE}.Release|Any CPU.Build.0 = Release|Any CPU
	EndGlobalSection
EndGlobal
